
Microsoft Visual Studio Solution File, Format Version 12.00
# Visual Studio 2015
Project("{FAE04EC0-301F-11D3-BF4B-00C04F79EFBC}") = "Prototype Runner", "Prototype Runner.csproj", "{FF2B652C-AD3C-C66F-F477-A4374CD8AA74}"
EndProject
Project("{FAE04EC0-301F-11D3-BF4B-00C04F79EFBC}") = "Prototype Runner.Editor", "Prototype Runner.Editor.csproj", "{07AF2072-7641-3E34-87CC-FA5CD01E804E}"
EndProject
Global
	GlobalSection(SolutionConfigurationPlatforms) = preSolution
		Debug|Any CPU = Debug|Any CPU
		Release|Any CPU = Release|Any CPU
	EndGlobalSection
	GlobalSection(ProjectConfigurationPlatforms) = postSolution
		{FF2B652C-AD3C-C66F-F477-A4374CD8AA74}.Debug|Any CPU.ActiveCfg = Debug|Any CPU
		{FF2B652C-AD3C-C66F-F477-A4374CD8AA74}.Debug|Any CPU.Build.0 = Debug|Any CPU
		{FF2B652C-AD3C-C66F-F477-A4374CD8AA74}.Release|Any CPU.ActiveCfg = Release|Any CPU
		{FF2B652C-AD3C-C66F-F477-A4374CD8AA74}.Release|Any CPU.Build.0 = Release|Any CPU
		{07AF2072-7641-3E34-87CC-FA5CD01E804E}.Debug|Any CPU.ActiveCfg = Debug|Any CPU
		{07AF2072-7641-3E34-87CC-FA5CD01E804E}.Debug|Any CPU.Build.0 = Debug|Any CPU
		{07AF2072-7641-3E34-87CC-FA5CD01E804E}.Release|Any CPU.ActiveCfg = Release|Any CPU
		{07AF2072-7641-3E34-87CC-FA5CD01E804E}.Release|Any CPU.Build.0 = Release|Any CPU
	EndGlobalSection
	GlobalSection(SolutionProperties) = preSolution
		HideSolutionNode = FALSE
	EndGlobalSection
EndGlobal
